
Microsoft Visual Studio Solution File, Format Version 12.00
# Visual Studio 15
VisualStudioVersion = 15.0.28307.136
MinimumVisualStudioVersion = 10.0.40219.1
Project("{FAE04EC0-301F-11D3-BF4B-00C04F79EFBC}") = "WebApplicationCake", "WebApplicationCake\WebApplicationCake.csproj", "{1E322B79-5C2E-4965-AD81-FDE5BDCBA324}"
EndProject
Project("{2150E333-8FDC-42A3-9474-1A3956D46DE8}") = "Solution Items", "Solution Items", "{1161DC08-C0F8-4762-ADCF-8A77921D2B68}"
	ProjectSection(SolutionItems) = preProject
		build.cake = build.cake
		build.ps1 = build.ps1
	EndProjectSection
EndProject
Global
	GlobalSection(SolutionConfigurationPlatforms) = preSolution
		Debug|Any CPU = Debug|Any CPU
		Release|Any CPU = Release|Any CPU
	EndGlobalSection
	GlobalSection(ProjectConfigurationPlatforms) = postSolution
		{1E322B79-5C2E-4965-AD81-FDE5BDCBA324}.Debug|Any CPU.ActiveCfg = Debug|Any CPU
		{1E322B79-5C2E-4965-AD81-FDE5BDCBA324}.Debug|Any CPU.Build.0 = Debug|Any CPU
		{1E322B79-5C2E-4965-AD81-FDE5BDCBA324}.Release|Any CPU.ActiveCfg = Release|Any CPU
		{1E322B79-5C2E-4965-AD81-FDE5BDCBA324}.Release|Any CPU.Build.0 = Release|Any CPU
	EndGlobalSection
	GlobalSection(SolutionProperties) = preSolution
		HideSolutionNode = FALSE
	EndGlobalSection
	GlobalSection(ExtensibilityGlobals) = postSolution
		SolutionGuid = {F530DD2D-9FB1-4580-A7F8-156167BEF0EE}
	EndGlobalSection
EndGlobal
